# This file is automatically @generated by Poetry 1.8.2 and should not be changed by hand.

[[package]]
name = "atomicwrites"
version = "1.4.1"
description = "Atomic file writes."
optional = false
python-versions = ">=2.7, !=3.0.*, !=3.1.*, !=3.2.*, !=3.3.*"
files = [
    {file = "atomicwrites-1.4.1.tar.gz", hash = "sha256:81b2c9071a49367a7f770170e5eec8cb66567cfbbc8c73d20ce5ca4a8d71cf11"},
]

[[package]]
name = "attrs"
version = "23.2.0"
description = "Classes Without Boilerplate"
optional = false
python-versions = ">=3.7"
files = [
    {file = "attrs-23.2.0-py3-none-any.whl", hash = "sha256:99b87a485a5820b23b879f04c2305b44b951b502fd64be915879d77a7e8fc6f1"},
    {file = "attrs-23.2.0.tar.gz", hash = "sha256:935dc3b529c262f6cf76e50877d35a4bd3c1de194fd41f47a2b7ae8f19971f30"},
]

[package.dependencies]
importlib-metadata = {version = "*", markers = "python_version < \"3.8\""}

[package.extras]
cov = ["attrs[tests]", "coverage[toml] (>=5.3)"]
dev = ["attrs[tests]", "pre-commit"]
docs = ["furo", "myst-parser", "sphinx", "sphinx-notfound-page", "sphinxcontrib-towncrier", "towncrier", "zope-interface"]
tests = ["attrs[tests-no-zope]", "zope-interface"]
tests-mypy = ["mypy (>=1.6)", "pytest-mypy-plugins"]
tests-no-zope = ["attrs[tests-mypy]", "cloudpickle", "hypothesis", "pympler", "pytest (>=4.3.0)", "pytest-xdist[psutil]"]

[[package]]
name = "bidict"
version = "0.22.1"
description = "The bidirectional mapping library for Python."
optional = false
python-versions = ">=3.7"
files = [
    {file = "bidict-0.22.1-py3-none-any.whl", hash = "sha256:6ef212238eb884b664f28da76f33f1d28b260f665fc737b413b287d5487d1e7b"},
    {file = "bidict-0.22.1.tar.gz", hash = "sha256:1e0f7f74e4860e6d0943a05d4134c63a2fad86f3d4732fb265bd79e4e856d81d"},
]

[package.extras]
docs = ["furo", "sphinx", "sphinx-copybutton"]
lint = ["pre-commit"]
test = ["hypothesis", "pytest", "pytest-benchmark[histogram]", "pytest-cov", "pytest-xdist", "sortedcollections", "sortedcontainers", "sphinx"]

[[package]]
name = "colorama"
version = "0.4.6"
description = "Cross-platform colored terminal text."
optional = false
python-versions = "!=3.0.*,!=3.1.*,!=3.2.*,!=3.3.*,!=3.4.*,!=3.5.*,!=3.6.*,>=2.7"
files = [
    {file = "colorama-0.4.6-py2.py3-none-any.whl", hash = "sha256:4f1d9991f5acc0ca119f9d443620b77f9d6b33703e51011c16baf57afb285fc6"},
    {file = "colorama-0.4.6.tar.gz", hash = "sha256:08695f5cb7ed6e0531a20572697297273c47b8cae5a63ffc6d6ed5c201be6e44"},
]

[[package]]
name = "execnet"
version = "2.0.2"
description = "execnet: rapid multi-Python deployment"
optional = false
python-versions = ">=3.7"
files = [
    {file = "execnet-2.0.2-py3-none-any.whl", hash = "sha256:88256416ae766bc9e8895c76a87928c0012183da3cc4fc18016e6f050e025f41"},
    {file = "execnet-2.0.2.tar.gz", hash = "sha256:cc59bc4423742fd71ad227122eb0dd44db51efb3dc4095b45ac9a08c770096af"},
]

[package.extras]
testing = ["hatch", "pre-commit", "pytest", "tox"]

[[package]]
name = "funcy"
version = "1.18"
description = "A fancy and practical functional tools"
optional = false
python-versions = "*"
files = [
    {file = "funcy-1.18-py2.py3-none-any.whl", hash = "sha256:00ce91afc850357a131dc54f0db2ad8a1110d5087f1fa4480d7ea3ba0249f89d"},
    {file = "funcy-1.18.tar.gz", hash = "sha256:15448d19a8ebcc7a585afe7a384a19186d0bd67cbf56fb42cd1fd0f76313f9b2"},
]

[[package]]
name = "importlib-metadata"
version = "6.7.0"
description = "Read metadata from Python packages"
optional = false
python-versions = ">=3.7"
files = [
    {file = "importlib_metadata-6.7.0-py3-none-any.whl", hash = "sha256:cb52082e659e97afc5dac71e79de97d8681de3aa07ff18578330904a9d18e5b5"},
    {file = "importlib_metadata-6.7.0.tar.gz", hash = "sha256:1aaf550d4f73e5d6783e7acb77aec43d49da8017410afae93822cc9cca98c4d4"},
]

[package.dependencies]
typing-extensions = {version = ">=3.6.4", markers = "python_version < \"3.8\""}
zipp = ">=0.5"

[package.extras]
docs = ["furo", "jaraco.packaging (>=9)", "jaraco.tidelift (>=1.4)", "rst.linker (>=1.9)", "sphinx (>=3.5)", "sphinx-lint"]
perf = ["ipython"]
testing = ["flufl.flake8", "importlib-resources (>=1.3)", "packaging", "pyfakefs", "pytest (>=6)", "pytest-black (>=0.3.7)", "pytest-checkdocs (>=2.4)", "pytest-cov", "pytest-enabler (>=1.3)", "pytest-mypy (>=0.9.1)", "pytest-perf (>=0.9.2)", "pytest-ruff"]

[[package]]
name = "iniconfig"
version = "2.0.0"
description = "brain-dead simple config-ini parsing"
optional = false
python-versions = ">=3.7"
files = [
    {file = "iniconfig-2.0.0-py3-none-any.whl", hash = "sha256:b6a85871a79d2e3b22d2d1b94ac2824226a63c6b741c88f7ae975f18b6778374"},
    {file = "iniconfig-2.0.0.tar.gz", hash = "sha256:2d91e135bf72d31a410b17c16da610a82cb55f6b0477d1a902134b24a455b8b3"},
]

[[package]]
name = "packaging"
version = "24.0"
description = "Core utilities for Python packages"
optional = false
python-versions = ">=3.7"
files = [
    {file = "packaging-24.0-py3-none-any.whl", hash = "sha256:2ddfb553fdf02fb784c234c7ba6ccc288296ceabec964ad2eae3777778130bc5"},
    {file = "packaging-24.0.tar.gz", hash = "sha256:eb82c5e3e56209074766e6885bb04b8c38a0c015d0a30036ebe7ece34c9989e9"},
]

[[package]]
name = "pluggy"
version = "1.2.0"
description = "plugin and hook calling mechanisms for python"
optional = false
python-versions = ">=3.7"
files = [
    {file = "pluggy-1.2.0-py3-none-any.whl", hash = "sha256:c2fd55a7d7a3863cba1a013e4e2414658b1d07b6bc57b3919e0c63c9abb99849"},
    {file = "pluggy-1.2.0.tar.gz", hash = "sha256:d12f0c4b579b15f5e054301bb226ee85eeeba08ffec228092f8defbaa3a4c4b3"},
]

[package.dependencies]
importlib-metadata = {version = ">=0.12", markers = "python_version < \"3.8\""}

[package.extras]
dev = ["pre-commit", "tox"]
testing = ["pytest", "pytest-benchmark"]

[[package]]
name = "py"
version = "1.11.0"
description = "library with cross-python path, ini-parsing, io, code, log facilities"
optional = false
python-versions = ">=2.7, !=3.0.*, !=3.1.*, !=3.2.*, !=3.3.*, !=3.4.*"
files = [
    {file = "py-1.11.0-py2.py3-none-any.whl", hash = "sha256:607c53218732647dff4acdfcd50cb62615cedf612e72d1724fb1a0cc6405b378"},
    {file = "py-1.11.0.tar.gz", hash = "sha256:51c75c4126074b472f746a24399ad32f6053d1b34b68d2fa41e558e6f4a98719"},
]

[[package]]
name = "py-aiger"
version = "6.2.3"
description = "A python library for manipulating sequential and-inverter gates."
optional = false
python-versions = ">=3.7,<4.0"
files = [
    {file = "py_aiger-6.2.3-py3-none-any.whl", hash = "sha256:837bcd9f49b5a945e5877126f3238e08731d32d545fab05b2146c776dca9c45c"},
    {file = "py_aiger-6.2.3.tar.gz", hash = "sha256:9d3c599bfa043047f465804137047f227a77ec8850b26e4a2c3a00107b1c8902"},
]

[package.dependencies]
attrs = ">=23"
bidict = ">=0.22.0,<0.23.0"
funcy = ">=1.12,<2.0"
pyrsistent = ">=0.19.0,<0.20.0"
sortedcontainers = ">=2.3.0,<3.0.0"

[[package]]
name = "py-aiger-bv"
version = "4.7.7"
description = "A python library for manipulating sequential and-inverter gates."
optional = false
python-versions = ">=3.7,<4.0"
files = [
    {file = "py_aiger_bv-4.7.7-py3-none-any.whl", hash = "sha256:4e06bf68f0614c2c1db1f675923754c0e2a917182cde74fa2f47b0a08ed1a31c"},
    {file = "py_aiger_bv-4.7.7.tar.gz", hash = "sha256:b78e1f3cc97b5e0b492bf7828d690f1a124f09f97ad9487b2842c848a205c274"},
]

[package.dependencies]
attrs = ">=22"
funcy = ">=1.12,<2.0"
py-aiger = ">=6.1.16,<7.0.0"
pyrsistent = ">=0.19,<0.20"

[[package]]
name = "py-aiger-cnf"
version = "5.0.8"
description = "Python library to convert between AIGER and CNF"
optional = false
python-versions = ">=3.7,<4.0"
files = [
    {file = "py_aiger_cnf-5.0.8-py3-none-any.whl", hash = "sha256:ccda9b726d001e485b0c40f47024a601332cb6e37a45f8fbe69306c853a64eac"},
    {file = "py_aiger_cnf-5.0.8.tar.gz", hash = "sha256:727a3a615016b1ce8ebc840ee37f73791d755e5be2883ba209db6d2c61de12a7"},
]

[package.dependencies]
bidict = ">=0.22.0,<0.23.0"
funcy = ">=1.12,<2.0"
py-aiger = ">=6.0.0,<7.0.0"

[[package]]
name = "pyrsistent"
version = "0.19.3"
description = "Persistent/Functional/Immutable data structures"
optional = false
python-versions = ">=3.7"
files = [
    {file = "pyrsistent-0.19.3-cp310-cp310-macosx_10_9_universal2.whl", hash = "sha256:20460ac0ea439a3e79caa1dbd560344b64ed75e85d8703943e0b66c2a6150e4a"},
    {file = "pyrsistent-0.19.3-cp310-cp310-manylinux_2_17_aarch64.manylinux2014_aarch64.whl", hash = "sha256:4c18264cb84b5e68e7085a43723f9e4c1fd1d935ab240ce02c0324a8e01ccb64"},
    {file = "pyrsistent-0.19.3-cp310-cp310-manylinux_2_5_i686.manylinux1_i686.manylinux_2_17_i686.manylinux2014_i686.whl", hash = "sha256:4b774f9288dda8d425adb6544e5903f1fb6c273ab3128a355c6b972b7df39dcf"},
    {file = "pyrsistent-0.19.3-cp310-cp310-win32.whl", hash = "sha256:5a474fb80f5e0d6c9394d8db0fc19e90fa540b82ee52dba7d246a7791712f74a"},
    {file = "pyrsistent-0.19.3-cp310-cp310-win_amd64.whl", hash = "sha256:49c32f216c17148695ca0e02a5c521e28a4ee6c5089f97e34fe24163113722da"},
    {file = "pyrsistent-0.19.3-cp311-cp311-macosx_10_9_universal2.whl", hash = "sha256:f0774bf48631f3a20471dd7c5989657b639fd2d285b861237ea9e82c36a415a9"},
    {file = "pyrsistent-0.19.3-cp311-cp311-manylinux_2_17_aarch64.manylinux2014_aarch64.whl", hash = "sha256:3ab2204234c0ecd8b9368dbd6a53e83c3d4f3cab10ecaf6d0e772f456c442393"},
    {file = "pyrsistent-0.19.3-cp311-cp311-manylinux_2_5_i686.manylinux1_i686.manylinux_2_17_i686.manylinux2014_i686.whl", hash = "sha256:e42296a09e83028b3476f7073fcb69ffebac0e66dbbfd1bd847d61f74db30f19"},
    {file = "pyrsistent-0.19.3-cp311-cp311-win32.whl", hash = "sha256:64220c429e42a7150f4bfd280f6f4bb2850f95956bde93c6fda1b70507af6ef3"},
    {file = "pyrsistent-0.19.3-cp311-cp311-win_amd64.whl", hash = "sha256:016ad1afadf318eb7911baa24b049909f7f3bb2c5b1ed7b6a8f21db21ea3faa8"},
    {file = "pyrsistent-0.19.3-cp37-cp37m-macosx_10_9_x86_64.whl", hash = "sha256:c4db1bd596fefd66b296a3d5d943c94f4fac5bcd13e99bffe2ba6a759d959a28"},
    {file = "pyrsistent-0.19.3-cp37-cp37m-manylinux_2_17_aarch64.manylinux2014_aarch64.whl", hash = "sha256:aeda827381f5e5d65cced3024126529ddc4289d944f75e090572c77ceb19adbf"},
    {file = "pyrsistent-0.19.3-cp37-cp37m-manylinux_2_5_i686.manylinux1_i686.manylinux_2_17_i686.manylinux2014_i686.whl", hash = "sha256:42ac0b2f44607eb92ae88609eda931a4f0dfa03038c44c772e07f43e738bcac9"},
    {file = "pyrsistent-0.19.3-cp37-cp37m-win32.whl", hash = "sha256:e8f2b814a3dc6225964fa03d8582c6e0b6650d68a232df41e3cc1b66a5d2f8d1"},
    {file = "pyrsistent-0.19.3-cp37-cp37m-win_amd64.whl", hash = "sha256:c9bb60a40a0ab9aba40a59f68214eed5a29c6274c83b2cc206a359c4a89fa41b"},
    {file = "pyrsistent-0.19.3-cp38-cp38-macosx_10_9_universal2.whl", hash = "sha256:a2471f3f8693101975b1ff85ffd19bb7ca7dd7c38f8a81701f67d6b4f97b87d8"},
    {file = "pyrsistent-0.19.3-cp38-cp38-manylinux_2_17_aarch64.manylinux2014_aarch64.whl", hash = "sha256:cc5d149f31706762c1f8bda2e8c4f8fead6e80312e3692619a75301d3dbb819a"},
    {file = "pyrsistent-0.19.3-cp38-cp38-manylinux_2_5_i686.manylinux1_i686.manylinux_2_17_i686.manylinux2014_i686.whl", hash = "sha256:3311cb4237a341aa52ab8448c27e3a9931e2ee09561ad150ba94e4cfd3fc888c"},
    {file = "pyrsistent-0.19.3-cp38-cp38-win32.whl", hash = "sha256:f0e7c4b2f77593871e918be000b96c8107da48444d57005b6a6bc61fb4331b2c"},
    {file = "pyrsistent-0.19.3-cp38-cp38-win_amd64.whl", hash = "sha256:c147257a92374fde8498491f53ffa8f4822cd70c0d85037e09028e478cababb7"},
    {file = "pyrsistent-0.19.3-cp39-cp39-macosx_10_9_universal2.whl", hash = "sha256:b735e538f74ec31378f5a1e3886a26d2ca6351106b4dfde376a26fc32a044edc"},
    {file = "pyrsistent-0.19.3-cp39-cp39-manylinux_2_17_aarch64.manylinux2014_aarch64.whl", hash = "sha256:99abb85579e2165bd8522f0c0138864da97847875ecbd45f3e7e2af569bfc6f2"},
    {file = "pyrsistent-0.19.3-cp39-cp39-manylinux_2_5_i686.manylinux1_i686.manylinux_2_17_i686.manylinux2014_i686.whl", hash = "sha256:3a8cb235fa6d3fd7aae6a4f1429bbb1fec1577d978098da1252f0489937786f3"},
    {file = "pyrsistent-0.19.3-cp39-cp39-win32.whl", hash = "sha256:c74bed51f9b41c48366a286395c67f4e894374306b197e62810e0fdaf2364da2"},
    {file = "pyrsistent-0.19.3-cp39-cp39-win_amd64.whl", hash = "sha256:878433581fc23e906d947a6814336eee031a00e6defba224234169ae3d3d6a98"},
    {file = "pyrsistent-0.19.3-py3-none-any.whl", hash = "sha256:ccf0d6bd208f8111179f0c26fdf84ed7c3891982f2edaeae7422575f47e66b64"},
    {file = "pyrsistent-0.19.3.tar.gz", hash = "sha256:1a2994773706bbb4995c31a97bc94f1418314923bd1048c6d964837040376440"},
]

[[package]]
name = "pytest"
version = "6.2.5"
description = "pytest: simple powerful testing with Python"
optional = false
python-versions = ">=3.6"
files = [
    {file = "pytest-6.2.5-py3-none-any.whl", hash = "sha256:7310f8d27bc79ced999e760ca304d69f6ba6c6649c0b60fb0e04a4a77cacc134"},
    {file = "pytest-6.2.5.tar.gz", hash = "sha256:131b36680866a76e6781d13f101efb86cf674ebb9762eb70d3082b6f29889e89"},
]

[package.dependencies]
atomicwrites = {version = ">=1.0", markers = "sys_platform == \"win32\""}
attrs = ">=19.2.0"
colorama = {version = "*", markers = "sys_platform == \"win32\""}
importlib-metadata = {version = ">=0.12", markers = "python_version < \"3.8\""}
iniconfig = "*"
packaging = "*"
pluggy = ">=0.12,<2.0"
py = ">=1.8.2"
toml = "*"

[package.extras]
testing = ["argcomplete", "hypothesis (>=3.56)", "mock", "nose", "requests", "xmlschema"]

[[package]]
name = "pytest-forked"
version = "1.6.0"
description = "run tests in isolated forked subprocesses"
optional = false
python-versions = ">=3.7"
files = [
    {file = "pytest-forked-1.6.0.tar.gz", hash = "sha256:4dafd46a9a600f65d822b8f605133ecf5b3e1941ebb3588e943b4e3eb71a5a3f"},
    {file = "pytest_forked-1.6.0-py3-none-any.whl", hash = "sha256:810958f66a91afb1a1e2ae83089d8dc1cd2437ac96b12963042fbb9fb4d16af0"},
]

[package.dependencies]
py = "*"
pytest = ">=3.10"

[[package]]
name = "pytest-xdist"
version = "2.5.0"
description = "pytest xdist plugin for distributed testing and loop-on-failing modes"
optional = false
python-versions = ">=3.6"
files = [
    {file = "pytest-xdist-2.5.0.tar.gz", hash = "sha256:4580deca3ff04ddb2ac53eba39d76cb5dd5edeac050cb6fbc768b0dd712b4edf"},
    {file = "pytest_xdist-2.5.0-py3-none-any.whl", hash = "sha256:6fe5c74fec98906deb8f2d2b616b5c782022744978e7bd4695d39c8f42d0ce65"},
]

[package.dependencies]
execnet = ">=1.1"
pytest = ">=6.2.0"
pytest-forked = "*"

[package.extras]
psutil = ["psutil (>=3.0)"]
setproctitle = ["setproctitle"]
testing = ["filelock"]

[[package]]
name = "python-sat"
version = "1.8.dev3"
description = "A Python library for prototyping with SAT oracles"
optional = false
python-versions = "*"
files = [
    {file = "python-sat-1.8.dev3.tar.gz", hash = "sha256:fefbb9b0def5dcae1baec881e4c444c321312dd09bcdccf97e3e50b70036c539"},
    {file = "python_sat-1.8.dev3-cp27-cp27m-manylinux_2_5_i686.manylinux1_i686.whl", hash = "sha256:8261f8c645c9dc9f60b25a8b3d061508fc3f88b3c7cd62cb023151a3fc24527f"},
    {file = "python_sat-1.8.dev3-cp27-cp27m-manylinux_2_5_x86_64.manylinux1_x86_64.whl", hash = "sha256:4079df9d22fc51faf955a7c171f203d8dce86b4d7dbaf8b3dacbeb12af418c68"},
    {file = "python_sat-1.8.dev3-cp27-cp27mu-manylinux_2_5_i686.manylinux1_i686.whl", hash = "sha256:ba9a1cd9892cda9d540cf8507b62e7f8ac1dfce28f9cad8b1dfcfeee14e0d1d8"},
    {file = "python_sat-1.8.dev3-cp27-cp27mu-manylinux_2_5_x86_64.manylinux1_x86_64.whl", hash = "sha256:1c44d993ef83f73a4a4b369b97193c046be60d415919b43c0030eaf9428b1a5d"},
    {file = "python_sat-1.8.dev3-cp310-cp310-macosx_14_0_arm64.whl", hash = "sha256:43be64b45c504dcbe233067c173b064e8ea39dfbbe905b48b7fc4d25684788d0"},
    {file = "python_sat-1.8.dev3-cp310-cp310-macosx_14_0_x86_64.whl", hash = "sha256:8af4dbd143387562dc8dacd6994db1a20ce748b851751af16818e6c4b3cfae30"},
    {file = "python_sat-1.8.dev3-cp310-cp310-manylinux_2_12_i686.manylinux2010_i686.manylinux_2_17_i686.manylinux2014_i686.whl", hash = "sha256:ba723a8d8ef70a4dca4061f4053234d2a9fac84f03fffb7dfbb618c2a0b6fc6b"},
    {file = "python_sat-1.8.dev3-cp310-cp310-manylinux_2_12_i686.manylinux2010_i686.whl", hash = "sha256:7ca9b50460e0b09098a0797f8eaf83609a7e306eafeb7e9428e4d7c8ee16e768"},
    {file = "python_sat-1.8.dev3-cp310-cp310-manylinux_2_12_x86_64.manylinux2010_x86_64.manylinux_2_17_x86_64.manylinux2014_x86_64.whl", hash = "sha256:b92c0eccc604ba44d799ba1735236bb41eb65c6ea08d41289c6c0b5f812d0c76"},
    {file = "python_sat-1.8.dev3-cp310-cp310-manylinux_2_12_x86_64.manylinux2010_x86_64.manylinux_2_24_x86_64.whl", hash = "sha256:b99ac9530bebf23b25db6a256ec19c10c23b41ae21a5b44dd90559ad7fbf0593"},
    {file = "python_sat-1.8.dev3-cp310-cp310-manylinux_2_12_x86_64.manylinux2010_x86_64.manylinux_2_28_x86_64.whl", hash = "sha256:09e343c4d4bbf5265b8f6e00befb136219657232f2e4e286d2aa1e986beeaad4"},
    {file = "python_sat-1.8.dev3-cp310-cp310-manylinux_2_12_x86_64.manylinux2010_x86_64.whl", hash = "sha256:d946c7f76fe35843bdc6d61254f8a3042ada58987dd8ffbf4e1bd803f8d39db3"},
    {file = "python_sat-1.8.dev3-cp310-cp310-manylinux_2_17_aarch64.manylinux2014_aarch64.manylinux_2_24_aarch64.whl", hash = "sha256:b6bede07a28f2418ed9a17baf04c4130572c89b16596762b7a50831dfaaa578e"},
    {file = "python_sat-1.8.dev3-cp310-cp310-manylinux_2_17_aarch64.manylinux2014_aarch64.manylinux_2_28_aarch64.whl", hash = "sha256:f0cd6cb03264d480756e1916f3937c935405418680ff6dcd8641d6134149a6c1"},
    {file = "python_sat-1.8.dev3-cp310-cp310-manylinux_2_17_aarch64.manylinux2014_aarch64.whl", hash = "sha256:c47e5bd67187ea4a5edffce7e946bcf4ce51504e76edbab2cbff142033f2279d"},
    {file = "python_sat-1.8.dev3-cp310-cp310-win_amd64.whl", hash = "sha256:503f8bd75e068459f344a49f1f7014f2af38b3134316ad1d4cd9176761ec034f"},
    {file = "python_sat-1.8.dev3-cp311-cp311-macosx_14_0_arm64.whl", hash = "sha256:edd46ec66179f687445545113f3e26a5c665a80d5d0fe193c036dcd0bbadbf80"},
    {file = "python_sat-1.8.dev3-cp311-cp311-macosx_14_0_x86_64.whl", hash = "sha256:55b1812fb8465fb962f41038e8c94c7e3a4eb5f8497f5e289812f10698140fc1"},
    {file = "python_sat-1.8.dev3-cp311-cp311-manylinux_2_17_aarch64.manylinux2014_aarch64.manylinux_2_24_aarch64.whl", hash = "sha256:07491c5125645524c15338e2da2454a029d2d900c86bd99539e6c0714b19cba3"},
    {file = "python_sat-1.8.dev3-cp311-cp311-manylinux_2_17_aarch64.manylinux2014_aarch64.manylinux_2_28_aarch64.whl", hash = "sha256:0b915c3a8d16ae615828bd7db670b064248b59e10bf9ac3da17ab8d333d1e4c8"},
    {file = "python_sat-1.8.dev3-cp311-cp311-manylinux_2_17_aarch64.manylinux2014_aarch64.whl", hash = "sha256:b084764d4487b1fc644286640629651f341a8012941aacbf180c6b8240c494fe"},
    {file = "python_sat-1.8.dev3-cp311-cp311-manylinux_2_17_i686.manylinux2014_i686.whl", hash = "sha256:738ce703a0b3a39f988c1c24dc34c38b1f8734d6409433cab53f8642c71b083a"},
    {file = "python_sat-1.8.dev3-cp311-cp311-manylinux_2_17_x86_64.manylinux2014_x86_64.manylinux_2_24_x86_64.whl", hash = "sha256:778d173d915ea3135ba42437ae25a73c00cd9c4bd1567aa972edda1e5df28c0b"},
    {file = "python_sat-1.8.dev3-cp311-cp311-manylinux_2_17_x86_64.manylinux2014_x86_64.manylinux_2_28_x86_64.whl", hash = "sha256:b21f5c0a58f48597cf8ae0fac98eaa7cf45ceabb841203a3266708181478582f"},
    {file = "python_sat-1.8.dev3-cp311-cp311-manylinux_2_17_x86_64.manylinux2014_x86_64.whl", hash = "sha256:aa54e31d41b636a9d5cbffc0c111d6e4494c9604f450c5815c282577384904d1"},
    {file = "python_sat-1.8.dev3-cp311-cp311-win_amd64.whl", hash = "sha256:e4ffa8fb6164d43c50c1aebe80e8c4c07b71357a8988e90ce47f866e58fae481"},
    {file = "python_sat-1.8.dev3-cp312-cp312-macosx_14_0_arm64.whl", hash = "sha256:d2d1f01cbaf3bc63593a25db5906aca299977d50315f14a0d87ca7a99c20e7ae"},
    {file = "python_sat-1.8.dev3-cp312-cp312-macosx_14_0_x86_64.whl", hash = "sha256:904ef3d2bcbefeb4f46819ee659fd754422a691f8a73c4e64e0a42df1ac6a67f"},
    {file = "python_sat-1.8.dev3-cp312-cp312-manylinux_2_17_i686.manylinux2014_i686.whl", hash = "sha256:38b6de1a2fd6ed826e5543f398bf3d9b965e0558d5b7664ea6d3e22cb744b712"},
    {file = "python_sat-1.8.dev3-cp312-cp312-manylinux_2_17_x86_64.manylinux2014_x86_64.manylinux_2_28_x86_64.whl", hash = "sha256:7161bdb00495549af3abcbc1544e62a8b71ef8c2be401905ac985897ea9c9f7e"},
    {file = "python_sat-1.8.dev3-cp312-cp312-manylinux_2_17_x86_64.manylinux2014_x86_64.whl", hash = "sha256:ed55d3f44bc3d5ab4d01e874ab4711c980bf6836ff74e48a66d2166b5f6c652f"},
    {file = "python_sat-1.8.dev3-cp312-cp312-manylinux_2_24_aarch64.manylinux_2_28_aarch64.whl", hash = "sha256:e4b21def1b0e9cae8555fce945a8cf6bfc61956e3a7479d6fca02bcf174e449f"},
    {file = "python_sat-1.8.dev3-cp312-cp312-win_amd64.whl", hash = "sha256:099dd907320934f631f40b44e2b34fb3608b5bcbf316c524f94c9745258629d7"},
    {file = "python_sat-1.8.dev3-cp35-cp35m-manylinux_2_5_i686.manylinux1_i686.whl", hash = "sha256:9046120ce2bac25a4893daa0eadc7e563bfd22011235f7cebb93d693469f2642"},
    {file = "python_sat-1.8.dev3-cp35-cp35m-manylinux_2_5_x86_64.manylinux1_x86_64.whl", hash = "sha256:5db28524d27da7f9fc2016412261cf3548f57e86090dbbaa3274568204350795"},
    {file = "python_sat-1.8.dev3-cp36-cp36m-manylinux_2_17_aarch64.manylinux2014_aarch64.manylinux_2_24_aarch64.whl", hash = "sha256:1e977ae3afbe6d7713dc267612f253544f3ee516e01c70733216b1251119bf69"},
    {file = "python_sat-1.8.dev3-cp36-cp36m-manylinux_2_17_aarch64.manylinux2014_aarch64.manylinux_2_28_aarch64.whl", hash = "sha256:99e661047fe14d575200d92ec25fb0ebd95a50c90aa0f226dd51b9abf26046db"},
    {file = "python_sat-1.8.dev3-cp36-cp36m-manylinux_2_17_aarch64.manylinux2014_aarch64.whl", hash = "sha256:0b2b2b12ff26465c54db1cde784041cb4bcf18f71951c2ff6274bef13a39e890"},
    {file = "python_sat-1.8.dev3-cp36-cp36m-manylinux_2_5_i686.manylinux1_i686.manylinux_2_12_i686.manylinux2010_i686.whl", hash = "sha256:59e718653da80a60740abdbe85f3acbb6096520a5c00c77720250cb10d9e1b5b"},
    {file = "python_sat-1.8.dev3-cp36-cp36m-manylinux_2_5_i686.manylinux1_i686.manylinux_2_17_i686.manylinux2014_i686.whl", hash = "sha256:51b099f069ab93f9632de010930b0baa353e7e5c36cd639c2de5c6613faf5774"},
    {file = "python_sat-1.8.dev3-cp36-cp36m-manylinux_2_5_i686.manylinux1_i686.whl", hash = "sha256:9e12cf6e107033bd0c943f81de7b66f0d4e28954ada2591609173563ceb29f6b"},
    {file = "python_sat-1.8.dev3-cp36-cp36m-manylinux_2_5_x86_64.manylinux1_x86_64.manylinux_2_12_x86_64.manylinux2010_x86_64.whl", hash = "sha256:ce1ff239b4ef0545d2b90a7a4ea76c13331eb868cbce8420b26c6132abc7a8c7"},
    {file = "python_sat-1.8.dev3-cp36-cp36m-manylinux_2_5_x86_64.manylinux1_x86_64.manylinux_2_17_x86_64.manylinux2014_x86_64.whl", hash = "sha256:3626e77f315320c271f475a64dfd38869f358d5e4c5fcc22093218e597b2098a"},
    {file = "python_sat-1.8.dev3-cp36-cp36m-manylinux_2_5_x86_64.manylinux1_x86_64.manylinux_2_24_x86_64.whl", hash = "sha256:7f33451401ab652f9a30b8c073b6ef9e42457716b9673cf36a0da48d232f353f"},
    {file = "python_sat-1.8.dev3-cp36-cp36m-manylinux_2_5_x86_64.manylinux1_x86_64.manylinux_2_28_x86_64.whl", hash = "sha256:d1d4899643f4d76781384278c5d030f809c2b86c211f430b04b56934f0f3e7cc"},
    {file = "python_sat-1.8.dev3-cp36-cp36m-manylinux_2_5_x86_64.manylinux1_x86_64.whl", hash = "sha256:5fdace91ea82d5dd8c73e497a00950675a71c631ea912c809844d35f7e386a0f"},
    {file = "python_sat-1.8.dev3-cp37-cp37m-manylinux_2_17_aarch64.manylinux2014_aarch64.manylinux_2_24_aarch64.whl", hash = "sha256:1876552a07966944c3826d506f528cdf8cbba2dcd4750e28994494a6b4bd4ec8"},
    {file = "python_sat-1.8.dev3-cp37-cp37m-manylinux_2_17_aarch64.manylinux2014_aarch64.manylinux_2_28_aarch64.whl", hash = "sha256:d26962d1c1db04865dfb2826c421f97bf7c288f69076dfcf0e7d5c532bb1afcd"},
    {file = "python_sat-1.8.dev3-cp37-cp37m-manylinux_2_17_aarch64.manylinux2014_aarch64.whl", hash = "sha256:56db3ed070d02cc06391a4d2a52601fa3e629d7c33eed6d0771d63e4c28c9948"},
    {file = "python_sat-1.8.dev3-cp37-cp37m-manylinux_2_5_i686.manylinux1_i686.manylinux_2_12_i686.manylinux2010_i686.whl", hash = "sha256:bdad7b32fe359f47d064c0a56a9dcd8137b7071020dd6589bd88d07e7f1b0786"},
    {file = "python_sat-1.8.dev3-cp37-cp37m-manylinux_2_5_i686.manylinux1_i686.manylinux_2_17_i686.manylinux2014_i686.whl", hash = "sha256:5b3b08360c526f8bebd1dc9ab9a956b93dbfd2e780a73114a0f53d069f164390"},
    {file = "python_sat-1.8.dev3-cp37-cp37m-manylinux_2_5_i686.manylinux1_i686.whl", hash = "sha256:4f8d2013658e7978558fdf457767c16b5ed6894a79b3a2a19b75047230167a87"},
    {file = "python_sat-1.8.dev3-cp37-cp37m-manylinux_2_5_x86_64.manylinux1_x86_64.manylinux_2_12_x86_64.manylinux2010_x86_64.whl", hash = "sha256:919d6e3e683c21847498d02030d1618b3c8ac3f2ca3a924d82c26a1aabf0c77a"},
    {file = "python_sat-1.8.dev3-cp37-cp37m-manylinux_2_5_x86_64.manylinux1_x86_64.manylinux_2_17_x86_64.manylinux2014_x86_64.whl", hash = "sha256:d93fef6d5eed18f61d24cb0b751139c7e63369038ae865b9124540fb9c5e82eb"},
    {file = "python_sat-1.8.dev3-cp37-cp37m-manylinux_2_5_x86_64.manylinux1_x86_64.manylinux_2_24_x86_64.whl", hash = "sha256:be9eb1474a5d48ff01991f87a603d87e39604245f4fcc16cd1897bceac876552"},
    {file = "python_sat-1.8.dev3-cp37-cp37m-manylinux_2_5_x86_64.manylinux1_x86_64.manylinux_2_28_x86_64.whl", hash = "sha256:1cb36532de453c3936c14211e398497270ff7d6dc54befb1c8d78c782274fe97"},
    {file = "python_sat-1.8.dev3-cp37-cp37m-manylinux_2_5_x86_64.manylinux1_x86_64.whl", hash = "sha256:d35ed0dbef83f4f3363a58d78a19117337392defa2eab04b75e098ae6a18e663"},
    {file = "python_sat-1.8.dev3-cp37-cp37m-win_amd64.whl", hash = "sha256:6cd91310bedb35042504cda43302ab85a54fbacbbad8b9c696e02a730b006176"},
    {file = "python_sat-1.8.dev3-cp38-cp38-macosx_14_0_arm64.whl", hash = "sha256:525349972cd91306958a6a6d7e28e5ec377225773ed46be9538e3f735bad8645"},
    {file = "python_sat-1.8.dev3-cp38-cp38-macosx_14_0_x86_64.whl", hash = "sha256:f29ecdc6fea7f988382f1d2c71d2d89b7af5122d49bb46a693fe5f8fe85d71eb"},
    {file = "python_sat-1.8.dev3-cp38-cp38-manylinux_2_17_aarch64.manylinux2014_aarch64.manylinux_2_24_aarch64.whl", hash = "sha256:e9f994c694da784cad5731bdf8a7c195e27fbf8cb0caa64118979349b2a41c05"},
    {file = "python_sat-1.8.dev3-cp38-cp38-manylinux_2_17_aarch64.manylinux2014_aarch64.manylinux_2_28_aarch64.whl", hash = "sha256:f45283b303205ed122da81ef9cc46e7446aa2409492832c3478d462c1921e3e3"},
    {file = "python_sat-1.8.dev3-cp38-cp38-manylinux_2_17_aarch64.manylinux2014_aarch64.whl", hash = "sha256:902f8cecc2e622a45fa917b356535d3a9cb43b2c547ef1830ed15b7e570a7905"},
    {file = "python_sat-1.8.dev3-cp38-cp38-manylinux_2_5_i686.manylinux1_i686.manylinux_2_12_i686.manylinux2010_i686.whl", hash = "sha256:add324cf87242538092949435523b0d202adfb4dd76cabe6b6b3bc1d96d5aa69"},
    {file = "python_sat-1.8.dev3-cp38-cp38-manylinux_2_5_i686.manylinux1_i686.manylinux_2_17_i686.manylinux2014_i686.whl", hash = "sha256:911c1d1e83b91fa3bc0185110ca28cefabe47fa888a4a9ed2fc2c1f5b1a31ac4"},
    {file = "python_sat-1.8.dev3-cp38-cp38-manylinux_2_5_i686.manylinux1_i686.whl", hash = "sha256:27b7241056b5fabad634d459eeeec8116c0573caa10373098a483798abda4506"},
    {file = "python_sat-1.8.dev3-cp38-cp38-manylinux_2_5_x86_64.manylinux1_x86_64.manylinux_2_12_x86_64.manylinux2010_x86_64.whl", hash = "sha256:6829926d7539a416e65aa9d74363ff29d8fd9ac52e4d864665ad76ac048fdc1e"},
    {file = "python_sat-1.8.dev3-cp38-cp38-manylinux_2_5_x86_64.manylinux1_x86_64.manylinux_2_17_x86_64.manylinux2014_x86_64.whl", hash = "sha256:80b860d5dcfabddaf4a8958b23a72b8e0defbfb81d77e74dff80dda4186e6619"},
    {file = "python_sat-1.8.dev3-cp38-cp38-manylinux_2_5_x86_64.manylinux1_x86_64.manylinux_2_24_x86_64.whl", hash = "sha256:22441d6f0bf4c757442a3e03f01d6f3d76ce32992c92d17217628fc10f259360"},
    {file = "python_sat-1.8.dev3-cp38-cp38-manylinux_2_5_x86_64.manylinux1_x86_64.manylinux_2_28_x86_64.whl", hash = "sha256:af43d5f515dcb1d1ddf7521bc103aa0a4873ee3d4b6fd3af2d939358571f3105"},
    {file = "python_sat-1.8.dev3-cp38-cp38-manylinux_2_5_x86_64.manylinux1_x86_64.whl", hash = "sha256:d3f52b6065ee4d7b0037ac56ae50d2b6981e287987283d87f8adbb9374321d34"},
    {file = "python_sat-1.8.dev3-cp38-cp38-win_amd64.whl", hash = "sha256:01ebb35d91f6fe9c8a5243e3961cfcf611e1157d360d2cacc1b482877cfb609c"},
    {file = "python_sat-1.8.dev3-cp39-cp39-macosx_14_0_arm64.whl", hash = "sha256:96819cdaea47d6968a744d1c2afaef4bc9e868a1d126acd8aec535f5434f8531"},
    {file = "python_sat-1.8.dev3-cp39-cp39-macosx_14_0_x86_64.whl", hash = "sha256:ea4bf38af03f85a7f9a4340a36f0e6d319c8302cab76d71a7febbaaae2625be8"},
    {file = "python_sat-1.8.dev3-cp39-cp39-manylinux_2_17_aarch64.manylinux2014_aarch64.manylinux_2_24_aarch64.whl", hash = "sha256:3eb378ff539f09046f1a617ecea122dafc12401aa5fb5d1825e212feb38c3018"},
    {file = "python_sat-1.8.dev3-cp39-cp39-manylinux_2_17_aarch64.manylinux2014_aarch64.manylinux_2_28_aarch64.whl", hash = "sha256:95944122a2c03ede52513f2e416885289483181c840245fdadc0e7745812cd4d"},
    {file = "python_sat-1.8.dev3-cp39-cp39-manylinux_2_17_aarch64.manylinux2014_aarch64.whl", hash = "sha256:ac8c8f46d4d743c3325cd79db58efe906f97bf1747f441c8b20f7e4f693827ac"},
    {file = "python_sat-1.8.dev3-cp39-cp39-manylinux_2_5_i686.manylinux1_i686.manylinux_2_12_i686.manylinux2010_i686.whl", hash = "sha256:7dd04b729f87faed0c73fb355104a467d53e2a57124a770c8066fac85d8f9612"},
    {file = "python_sat-1.8.dev3-cp39-cp39-manylinux_2_5_i686.manylinux1_i686.manylinux_2_17_i686.manylinux2014_i686.whl", hash = "sha256:372b9bf973b5c0a44ca9f494da10026970d72fa5f46636b60343ea1ec02bef68"},
    {file = "python_sat-1.8.dev3-cp39-cp39-manylinux_2_5_i686.manylinux1_i686.whl", hash = "sha256:6f4362e9323ece3d5cb4f6fb50056ec1634b5fe53be009905c3f9c82facb762e"},
    {file = "python_sat-1.8.dev3-cp39-cp39-manylinux_2_5_x86_64.manylinux1_x86_64.manylinux_2_12_x86_64.manylinux2010_x86_64.whl", hash = "sha256:04ae7323fe981678a9ace78e42869a55f716b78d8fbbeb592876febb41f0dc80"},
    {file = "python_sat-1.8.dev3-cp39-cp39-manylinux_2_5_x86_64.manylinux1_x86_64.manylinux_2_17_x86_64.manylinux2014_x86_64.whl", hash = "sha256:899e76ae98a4b9685b7b9ef80feffd64e4631b682989eb393fb44f128c98aca3"},
    {file = "python_sat-1.8.dev3-cp39-cp39-manylinux_2_5_x86_64.manylinux1_x86_64.manylinux_2_24_x86_64.whl", hash = "sha256:7ec6072bf11e35ade4c9b1996232a81336ab55fa8df8315671f481f0bad32fd7"},
    {file = "python_sat-1.8.dev3-cp39-cp39-manylinux_2_5_x86_64.manylinux1_x86_64.manylinux_2_28_x86_64.whl", hash = "sha256:c0541f911c58591be90a9b937fbbadbdf4ac5a7ec1e186143bf653d56c3d436d"},
    {file = "python_sat-1.8.dev3-cp39-cp39-manylinux_2_5_x86_64.manylinux1_x86_64.whl", hash = "sha256:ed1058dfaf0f6394eda4bc8a0bb7cea93c114596070501497cc3d26abf988df0"},
    {file = "python_sat-1.8.dev3-cp39-cp39-win_amd64.whl", hash = "sha256:bd98cb385b9e6246e0dc543b073e31e2045c25f74d79d28c80e251b6d48b7b88"},
    {file = "python_sat-1.8.dev3-pp310-pypy310_pp73-macosx_10_13_x86_64.whl", hash = "sha256:ca935ffe62e44e4efa1e1698ffe7b2a68e81edb2ad087ed1e35498a9a70883fb"},
    {file = "python_sat-1.8.dev3-pp310-pypy310_pp73-macosx_11_0_arm64.whl", hash = "sha256:c82d532a9d70160d7404dc5590424805f4fc8db48ad95ff742ab42d799e7035c"},
    {file = "python_sat-1.8.dev3-pp310-pypy310_pp73-manylinux_2_17_i686.manylinux2014_i686.whl", hash = "sha256:494be5e3c60588f77b40fd7d3aa6892ea1a2ba1b6065310395ed16330555c5de"},
    {file = "python_sat-1.8.dev3-pp310-pypy310_pp73-manylinux_2_17_x86_64.manylinux2014_x86_64.manylinux_2_28_x86_64.whl", hash = "sha256:1d133c1bdaec0c5ebccf0a4ccf2ee13c2f6c2c6f14f7720b1be3cc78b630a296"},
    {file = "python_sat-1.8.dev3-pp310-pypy310_pp73-manylinux_2_17_x86_64.manylinux2014_x86_64.whl", hash = "sha256:237f74111f841ad7b983c12a23a8b8a63c3305a5e30471907983cb1467067ae8"},
    {file = "python_sat-1.8.dev3-pp310-pypy310_pp73-manylinux_2_24_aarch64.manylinux_2_28_aarch64.whl", hash = "sha256:0f887259e65617f6cb95221bdd9764e7136fb6070362edc267127f5242f8315d"},
    {file = "python_sat-1.8.dev3-pp37-pypy37_pp73-manylinux_2_12_i686.manylinux2010_i686.whl", hash = "sha256:86390cbec4f029d75b45b7aa1d430a57c5de07d18a1daa6552f2b87d53a0c093"},
    {file = "python_sat-1.8.dev3-pp37-pypy37_pp73-manylinux_2_12_x86_64.manylinux2010_x86_64.manylinux_2_17_x86_64.manylinux2014_x86_64.whl", hash = "sha256:5ba613aa67aa108f334b4f78578432a8c5258d84400d0cde00a2843a317eaf27"},
    {file = "python_sat-1.8.dev3-pp37-pypy37_pp73-manylinux_2_12_x86_64.manylinux2010_x86_64.manylinux_2_24_x86_64.whl", hash = "sha256:2df026125e468c4710d8bc82f716d185805592c64aedf1aa177a1cf3a78b9451"},
    {file = "python_sat-1.8.dev3-pp37-pypy37_pp73-manylinux_2_12_x86_64.manylinux2010_x86_64.manylinux_2_28_x86_64.whl", hash = "sha256:78c09ba381eaa284089146224c3b6df77eb471600f7a3b03a92fe72bd48dd85a"},
    {file = "python_sat-1.8.dev3-pp37-pypy37_pp73-manylinux_2_12_x86_64.manylinux2010_x86_64.whl", hash = "sha256:769929086ea05535cbc87dec762623f66604917a7c4cb5effc6097cd0c448278"},
    {file = "python_sat-1.8.dev3-pp37-pypy37_pp73-manylinux_2_17_aarch64.manylinux2014_aarch64.manylinux_2_24_aarch64.whl", hash = "sha256:540d1b608f202dcffd9dc8104a13e9b6635c9f32a26354687fc881a5d940b6c4"},
    {file = "python_sat-1.8.dev3-pp37-pypy37_pp73-manylinux_2_17_aarch64.manylinux2014_aarch64.manylinux_2_28_aarch64.whl", hash = "sha256:9d44f97f85beccd93c579694b72c28cca4337685bb0813bf2409c297137ed7ed"},
    {file = "python_sat-1.8.dev3-pp37-pypy37_pp73-manylinux_2_17_aarch64.manylinux2014_aarch64.whl", hash = "sha256:933ea86ea6f64aa4b3bfe7e6c67d8169da3c91aa7107269913bd8297563b6f3e"},
    {file = "python_sat-1.8.dev3-pp37-pypy37_pp73-manylinux_2_17_i686.manylinux2014_i686.whl", hash = "sha256:93e746a95d9c4e715c61b855c7859e1f0c609bb6b1a135448840ff4c5110c39f"},
    {file = "python_sat-1.8.dev3-pp38-pypy38_pp73-manylinux_2_12_i686.manylinux2010_i686.manylinux_2_17_i686.manylinux2014_i686.whl", hash = "sha256:bf97bb53ae11b8820a5550d2e069a82329923f97f28b117727196ecbf8711577"},
    {file = "python_sat-1.8.dev3-pp38-pypy38_pp73-manylinux_2_12_i686.manylinux2010_i686.whl", hash = "sha256:9112894b84accb5a424f0f3640108effb36f6f70fe629271b16849e47a0689d1"},
    {file = "python_sat-1.8.dev3-pp38-pypy38_pp73-manylinux_2_12_x86_64.manylinux2010_x86_64.manylinux_2_17_x86_64.manylinux2014_x86_64.whl", hash = "sha256:f02c7c90868443397688d5d0515526abd58be55962a241034e2e4cf208e3904d"},
    {file = "python_sat-1.8.dev3-pp38-pypy38_pp73-manylinux_2_12_x86_64.manylinux2010_x86_64.manylinux_2_24_x86_64.whl", hash = "sha256:90341d0e1465f4a04ce3644d2de81f0f997d171590e69d6be50a7124fd0c4fae"},
    {file = "python_sat-1.8.dev3-pp38-pypy38_pp73-manylinux_2_12_x86_64.manylinux2010_x86_64.manylinux_2_28_x86_64.whl", hash = "sha256:2a9d397c7dab82027f402db23d0634b8de9dae1b51cad92e2f3d34540a827d3a"},
    {file = "python_sat-1.8.dev3-pp38-pypy38_pp73-manylinux_2_12_x86_64.manylinux2010_x86_64.whl", hash = "sha256:5f92f4a74e2393daa1abb3ddcf9f11fc97076096d96016b1d47adef4592bda6e"},
    {file = "python_sat-1.8.dev3-pp38-pypy38_pp73-manylinux_2_17_aarch64.manylinux2014_aarch64.manylinux_2_24_aarch64.whl", hash = "sha256:00bc3d5b9d99b3642682f52869ebe712e102da95458e9501124e36913a85a6b2"},
    {file = "python_sat-1.8.dev3-pp38-pypy38_pp73-manylinux_2_17_aarch64.manylinux2014_aarch64.manylinux_2_28_aarch64.whl", hash = "sha256:e3379b4ce5ca9e2001914c94a5de8ed8afeeab5d15cc83cc514631e0ebae4709"},
    {file = "python_sat-1.8.dev3-pp38-pypy38_pp73-manylinux_2_17_aarch64.manylinux2014_aarch64.whl", hash = "sha256:3ff6604cc0d445cb741ee5b608232daf29e91305024d742bb321849b392613dc"},
    {file = "python_sat-1.8.dev3-pp39-pypy39_pp73-macosx_10_13_x86_64.whl", hash = "sha256:305888fee576ac8361ffbf8de3d2d52025f9b08069ff1a2375c824d097b0b68f"},
    {file = "python_sat-1.8.dev3-pp39-pypy39_pp73-macosx_11_0_arm64.whl", hash = "sha256:a10977b6abff721da810c070e6472cc166ed0ba48dfd22b5d95413c54dacf04b"},
    {file = "python_sat-1.8.dev3-pp39-pypy39_pp73-manylinux_2_17_aarch64.manylinux2014_aarch64.manylinux_2_24_aarch64.whl", hash = "sha256:cc9359d48e054c83ebad86aa2df9c2bcb4c19cd48a545b0df6bfb940b0b0b6a8"},
    {file = "python_sat-1.8.dev3-pp39-pypy39_pp73-manylinux_2_17_aarch64.manylinux2014_aarch64.manylinux_2_28_aarch64.whl", hash = "sha256:26a8dedd2f6123ec1521532db45f0007e1f329ef93fd092fe253fb10a191c746"},
    {file = "python_sat-1.8.dev3-pp39-pypy39_pp73-manylinux_2_17_aarch64.manylinux2014_aarch64.whl", hash = "sha256:23004c24549c8f4b48212bd16aae16ef5dce639c8eaea7579f3fbf1910104035"},
    {file = "python_sat-1.8.dev3-pp39-pypy39_pp73-manylinux_2_17_i686.manylinux2014_i686.whl", hash = "sha256:1f83aaca58002bf42293934153a0d895316089a09b956545b22e67b84e951746"},
    {file = "python_sat-1.8.dev3-pp39-pypy39_pp73-manylinux_2_17_x86_64.manylinux2014_x86_64.manylinux_2_24_x86_64.whl", hash = "sha256:599e1a601766fe2bd8d3984e977014ef390d8c616c50f6e1b42536412c0771aa"},
    {file = "python_sat-1.8.dev3-pp39-pypy39_pp73-manylinux_2_17_x86_64.manylinux2014_x86_64.manylinux_2_28_x86_64.whl", hash = "sha256:5a4be03171fad617021ff40e19552574b6d8dd0632de590f90b2cee6ce7c17fd"},
    {file = "python_sat-1.8.dev3-pp39-pypy39_pp73-manylinux_2_17_x86_64.manylinux2014_x86_64.whl", hash = "sha256:6eb7378b5ad1b852c8dce05899291a68f6dbf894c4029d37bb35e9d571bdcc0a"},
]

[package.dependencies]
six = "*"

[package.extras]
aiger = ["py-aiger-cnf (>=2.0.0)"]
approxmc = ["pyapproxmc (>=4.1.8)"]
cryptosat = ["pycryptosat (>=5.11.18)"]
pblib = ["pypblib (>=0.0.3)"]
unigen = ["pyunigen (>=4.1.20)"]

[[package]]
name = "six"
version = "1.16.0"
description = "Python 2 and 3 compatibility utilities"
optional = false
python-versions = ">=2.7, !=3.0.*, !=3.1.*, !=3.2.*"
files = [
    {file = "six-1.16.0-py2.py3-none-any.whl", hash = "sha256:8abb2f1d86890a2dfb989f9a77cfcfd3e47c2a354b01111771326f8aa26e0254"},
    {file = "six-1.16.0.tar.gz", hash = "sha256:1e61c37477a1626458e36f7b1d82aa5c9b094fa4802892072e49de9c60c4c926"},
]

[[package]]
name = "sortedcontainers"
version = "2.4.0"
description = "Sorted Containers -- Sorted List, Sorted Dict, Sorted Set"
optional = false
python-versions = "*"
files = [
    {file = "sortedcontainers-2.4.0-py2.py3-none-any.whl", hash = "sha256:a163dcaede0f1c021485e957a39245190e74249897e2ae4b2aa38595db237ee0"},
    {file = "sortedcontainers-2.4.0.tar.gz", hash = "sha256:25caa5a06cc30b6b83d11423433f65d1f9d76c4c6a0c90e3379eaa43b9bfdb88"},
]

[[package]]
name = "toml"
version = "0.10.2"
description = "Python Library for Tom's Obvious, Minimal Language"
optional = false
python-versions = ">=2.6, !=3.0.*, !=3.1.*, !=3.2.*"
files = [
    {file = "toml-0.10.2-py2.py3-none-any.whl", hash = "sha256:806143ae5bfb6a3c6e736a764057db0e6a0e05e338b5630894a5f779cabb4f9b"},
    {file = "toml-0.10.2.tar.gz", hash = "sha256:b3bda1d108d5dd99f4a20d24d9c348e91c4db7ab1b749200bded2f839ccbe68f"},
]

[[package]]
name = "typing-extensions"
version = "4.7.1"
description = "Backported and Experimental Type Hints for Python 3.7+"
optional = false
python-versions = ">=3.7"
files = [
    {file = "typing_extensions-4.7.1-py3-none-any.whl", hash = "sha256:440d5dd3af93b060174bf433bccd69b0babc3b15b1a8dca43789fd7f61514b36"},
    {file = "typing_extensions-4.7.1.tar.gz", hash = "sha256:b75ddc264f0ba5615db7ba217daeb99701ad295353c45f9e95963337ceeeffb2"},
]

[[package]]
name = "zipp"
version = "3.15.0"
description = "Backport of pathlib-compatible object wrapper for zip files"
optional = false
python-versions = ">=3.7"
files = [
    {file = "zipp-3.15.0-py3-none-any.whl", hash = "sha256:48904fc76a60e542af151aded95726c1a5c34ed43ab4134b597665c86d7ad556"},
    {file = "zipp-3.15.0.tar.gz", hash = "sha256:112929ad649da941c23de50f356a2b5570c954b65150642bccdd66bf194d224b"},
]

[package.extras]
docs = ["furo", "jaraco.packaging (>=9)", "jaraco.tidelift (>=1.4)", "rst.linker (>=1.9)", "sphinx (>=3.5)", "sphinx-lint"]
testing = ["big-O", "flake8 (<5)", "jaraco.functools", "jaraco.itertools", "more-itertools", "pytest (>=6)", "pytest-black (>=0.3.7)", "pytest-checkdocs (>=2.4)", "pytest-cov", "pytest-enabler (>=1.3)", "pytest-flake8", "pytest-mypy (>=0.9.1)"]

[extras]
bitvector = ["py-aiger-bv"]

[metadata]
lock-version = "2.0"
python-versions = "^3.7"
content-hash = "30c44ce78d4c563213d5ffb7d6409ccb0e77133eb0928421c83985f8920ae442"
